// !$*UTF8*$!
{
	archiveVersion = 1;
	classes = {
	};
	objectVersion = 56;
	objects = {

/* Begin PBXBuildFile section */
		0E11F5112BFAF39E00D82550 /* MOCKDataProvider.swift in Sources */ = {isa = PBXBuildFile; fileRef = 0E11F5102BFAF39E00D82550 /* MOCKDataProvider.swift */; };
		0E11F5132BFEFFCD00D82550 /* UnitSelectionView.swift in Sources */ = {isa = PBXBuildFile; fileRef = 0E11F5122BFEFFCD00D82550 /* UnitSelectionView.swift */; };
		0E4B6A1E2C04377300058097 /* UIColorExtension.swift in Sources */ = {isa = PBXBuildFile; fileRef = 0E4B6A1D2C04377300058097 /* UIColorExtension.swift */; };
		0E4B6A202C04650F00058097 /* CitySearchViewController.swift in Sources */ = {isa = PBXBuildFile; fileRef = 0E4B6A1F2C04650F00058097 /* CitySearchViewController.swift */; };
		0E4B6A222C05930800058097 /* SelectedCityViewController.swift in Sources */ = {isa = PBXBuildFile; fileRef = 0E4B6A212C05930800058097 /* SelectedCityViewController.swift */; };
		0E4B6A2A2C08380700058097 /* TitleCell.swift in Sources */ = {isa = PBXBuildFile; fileRef = 0E4B6A292C08380700058097 /* TitleCell.swift */; };
		0E4B6A302C08544900058097 /* WeatherViewModel.swift in Sources */ = {isa = PBXBuildFile; fileRef = 0E4B6A2F2C08544900058097 /* WeatherViewModel.swift */; };
		0E4B6A322C092F2600058097 /* UITableView.swift in Sources */ = {isa = PBXBuildFile; fileRef = 0E4B6A312C092F2600058097 /* UITableView.swift */; };
		0E4B6A342C0EAF6600058097 /* CitySelectionViewModel.swift in Sources */ = {isa = PBXBuildFile; fileRef = 0E4B6A332C0EAF6600058097 /* CitySelectionViewModel.swift */; };
		0E4B6A372C0EECC900058097 /* UICollectionView.swift in Sources */ = {isa = PBXBuildFile; fileRef = 0E4B6A362C0EECC900058097 /* UICollectionView.swift */; };
		0E4B6A3B2C10F43200058097 /* WeatherProvider.swift in Sources */ = {isa = PBXBuildFile; fileRef = 0E4B6A3A2C10F43200058097 /* WeatherProvider.swift */; };
		0E510DC02BF49018007EB1A8 /* DetailedWeatherViewController.swift in Sources */ = {isa = PBXBuildFile; fileRef = 0E510DBF2BF49018007EB1A8 /* DetailedWeatherViewController.swift */; };
		0E510DC32BF72D89007EB1A8 /* ImageExtension.swift in Sources */ = {isa = PBXBuildFile; fileRef = 0E510DC22BF72D89007EB1A8 /* ImageExtension.swift */; };
		0E7649EE2BE7651E0052E3F2 /* DayTempCell.swift in Sources */ = {isa = PBXBuildFile; fileRef = 0E7649ED2BE7651E0052E3F2 /* DayTempCell.swift */; };
		0E7649F02BE765320052E3F2 /* TempRangeCell.swift in Sources */ = {isa = PBXBuildFile; fileRef = 0E7649EF2BE765320052E3F2 /* TempRangeCell.swift */; };
		0E7649F22BE765440052E3F2 /* CurrentWeatherView.swift in Sources */ = {isa = PBXBuildFile; fileRef = 0E7649F12BE765440052E3F2 /* CurrentWeatherView.swift */; };
		0E7649FA2BEACA500052E3F2 /* BottomView.swift in Sources */ = {isa = PBXBuildFile; fileRef = 0E7649F92BEACA500052E3F2 /* BottomView.swift */; };
		0E816D3E2BEB2562007CC983 /* CitySelectionViewController.swift in Sources */ = {isa = PBXBuildFile; fileRef = 0E816D3D2BEB2562007CC983 /* CitySelectionViewController.swift */; };
		0E816D402BEB3806007CC983 /* CityWeatherCell.swift in Sources */ = {isa = PBXBuildFile; fileRef = 0E816D3F2BEB3806007CC983 /* CityWeatherCell.swift */; };
		0E887AF32C16783700AB7502 /* Config.plist in Resources */ = {isa = PBXBuildFile; fileRef = 0E887AF22C16783700AB7502 /* Config.plist */; };
		0E887AF52C167A5B00AB7502 /* APIEndpointProvider.swift in Sources */ = {isa = PBXBuildFile; fileRef = 0E887AF42C167A5B00AB7502 /* APIEndpointProvider.swift */; };
		0E887AF92C168AD000AB7502 /* city_list.json in Resources */ = {isa = PBXBuildFile; fileRef = 0E887AF82C168AD000AB7502 /* city_list.json */; };
		0E887AFB2C16935900AB7502 /* CityListProvider.swift in Sources */ = {isa = PBXBuildFile; fileRef = 0E887AFA2C16935900AB7502 /* CityListProvider.swift */; };
		0E887AFE2C169A1100AB7502 /* CitySearchViewModel.swift in Sources */ = {isa = PBXBuildFile; fileRef = 0E887AFD2C169A1100AB7502 /* CitySearchViewModel.swift */; };
		0E887B012C16AC5900AB7502 /* CurrentWeatherResponse.swift in Sources */ = {isa = PBXBuildFile; fileRef = 0E887B002C16AC5900AB7502 /* CurrentWeatherResponse.swift */; };
		0E887B032C16AC7500AB7502 /* ForecastResponse.swift in Sources */ = {isa = PBXBuildFile; fileRef = 0E887B022C16AC7500AB7502 /* ForecastResponse.swift */; };
		0E887B052C16AC7D00AB7502 /* CityData.swift in Sources */ = {isa = PBXBuildFile; fileRef = 0E887B042C16AC7D00AB7502 /* CityData.swift */; };
		0E887B072C1BC59400AB7502 /* DoubleExtension.swift in Sources */ = {isa = PBXBuildFile; fileRef = 0E887B062C1BC59400AB7502 /* DoubleExtension.swift */; };
		0E887B092C1BF89100AB7502 /* WeatherData.swift in Sources */ = {isa = PBXBuildFile; fileRef = 0E887B082C1BF89100AB7502 /* WeatherData.swift */; };
		0E887B132C1D000400AB7502 /* APIDataProvider.swift in Sources */ = {isa = PBXBuildFile; fileRef = 0E887B122C1D000400AB7502 /* APIDataProvider.swift */; };
		0E887B152C1D352900AB7502 /* APIError.swift in Sources */ = {isa = PBXBuildFile; fileRef = 0E887B142C1D352900AB7502 /* APIError.swift */; };
		0E887B1A2C1D49D300AB7502 /* BaseViewController.swift in Sources */ = {isa = PBXBuildFile; fileRef = 0E887B192C1D49D300AB7502 /* BaseViewController.swift */; };
		0E887B1C2C21205200AB7502 /* StorageManager.swift in Sources */ = {isa = PBXBuildFile; fileRef = 0E887B1B2C21205200AB7502 /* StorageManager.swift */; };
		0E887B1E2C2561D500AB7502 /* GroupResponse.swift in Sources */ = {isa = PBXBuildFile; fileRef = 0E887B1D2C2561D500AB7502 /* GroupResponse.swift */; };
		0E887B212C2A268600AB7502 /* CoreData.xcdatamodeld in Sources */ = {isa = PBXBuildFile; fileRef = 0E887B1F2C2A268600AB7502 /* CoreData.xcdatamodeld */; };
		0E887B292C2A48F900AB7502 /* CDStorageManager.swift in Sources */ = {isa = PBXBuildFile; fileRef = 0E887B282C2A48F900AB7502 /* CDStorageManager.swift */; };
		0E887B2B2C2A512A00AB7502 /* CityCoreData.swift in Sources */ = {isa = PBXBuildFile; fileRef = 0E887B2A2C2A512A00AB7502 /* CityCoreData.swift */; };
		0E887B362C2D027C00AB7502 /* LocationProvider.swift in Sources */ = {isa = PBXBuildFile; fileRef = 0E887B352C2D027C00AB7502 /* LocationProvider.swift */; };
		0ED012AF2BE76180005D48D7 /* AppDelegate.swift in Sources */ = {isa = PBXBuildFile; fileRef = 0ED012AE2BE76180005D48D7 /* AppDelegate.swift */; };
		0ED012B12BE76180005D48D7 /* SceneDelegate.swift in Sources */ = {isa = PBXBuildFile; fileRef = 0ED012B02BE76180005D48D7 /* SceneDelegate.swift */; };
		0ED012B32BE76180005D48D7 /* WeatherViewController.swift in Sources */ = {isa = PBXBuildFile; fileRef = 0ED012B22BE76180005D48D7 /* WeatherViewController.swift */; };
		0ED012B82BE76181005D48D7 /* Assets.xcassets in Resources */ = {isa = PBXBuildFile; fileRef = 0ED012B72BE76181005D48D7 /* Assets.xcassets */; };
		0ED012BB2BE76181005D48D7 /* Base in Resources */ = {isa = PBXBuildFile; fileRef = 0ED012BA2BE76181005D48D7 /* Base */; };
		0EF824852BEF4FA70033BF6C /* WebViewController.swift in Sources */ = {isa = PBXBuildFile; fileRef = 0EF824842BEF4FA70033BF6C /* WebViewController.swift */; };
		C9B37056B823BA0D632C4B5A /* libPods-WeatherApp_ArseniiKornienko.a in Frameworks */ = {isa = PBXBuildFile; fileRef = 1D63EC1E798885B71B93FC98 /* libPods-WeatherApp_ArseniiKornienko.a */; };
/* End PBXBuildFile section */

/* Begin PBXContainerItemProxy section */
		0ED012C22BE76181005D48D7 /* PBXContainerItemProxy */ = {
			isa = PBXContainerItemProxy;
			containerPortal = 0ED012A32BE76180005D48D7 /* Project object */;
			proxyType = 1;
			remoteGlobalIDString = 0ED012AA2BE76180005D48D7;
			remoteInfo = WeatherApp_ArseniiKornienko;
		};
		0ED012CC2BE76181005D48D7 /* PBXContainerItemProxy */ = {
			isa = PBXContainerItemProxy;
			containerPortal = 0ED012A32BE76180005D48D7 /* Project object */;
			proxyType = 1;
			remoteGlobalIDString = 0ED012AA2BE76180005D48D7;
			remoteInfo = WeatherApp_ArseniiKornienko;
		};
/* End PBXContainerItemProxy section */

/* Begin PBXFileReference section */
		0E11F5102BFAF39E00D82550 /* MOCKDataProvider.swift */ = {isa = PBXFileReference; lastKnownFileType = sourcecode.swift; path = MOCKDataProvider.swift; sourceTree = "<group>"; };
		0E11F5122BFEFFCD00D82550 /* UnitSelectionView.swift */ = {isa = PBXFileReference; lastKnownFileType = sourcecode.swift; path = UnitSelectionView.swift; sourceTree = "<group>"; };
		0E4B6A1D2C04377300058097 /* UIColorExtension.swift */ = {isa = PBXFileReference; lastKnownFileType = sourcecode.swift; path = UIColorExtension.swift; sourceTree = "<group>"; };
		0E4B6A1F2C04650F00058097 /* CitySearchViewController.swift */ = {isa = PBXFileReference; lastKnownFileType = sourcecode.swift; path = CitySearchViewController.swift; sourceTree = "<group>"; };
		0E4B6A212C05930800058097 /* SelectedCityViewController.swift */ = {isa = PBXFileReference; lastKnownFileType = sourcecode.swift; path = SelectedCityViewController.swift; sourceTree = "<group>"; };
		0E4B6A292C08380700058097 /* TitleCell.swift */ = {isa = PBXFileReference; lastKnownFileType = sourcecode.swift; path = TitleCell.swift; sourceTree = "<group>"; };
		0E4B6A2F2C08544900058097 /* WeatherViewModel.swift */ = {isa = PBXFileReference; lastKnownFileType = sourcecode.swift; path = WeatherViewModel.swift; sourceTree = "<group>"; };
		0E4B6A312C092F2600058097 /* UITableView.swift */ = {isa = PBXFileReference; lastKnownFileType = sourcecode.swift; path = UITableView.swift; sourceTree = "<group>"; };
		0E4B6A332C0EAF6600058097 /* CitySelectionViewModel.swift */ = {isa = PBXFileReference; lastKnownFileType = sourcecode.swift; path = CitySelectionViewModel.swift; sourceTree = "<group>"; };
		0E4B6A362C0EECC900058097 /* UICollectionView.swift */ = {isa = PBXFileReference; lastKnownFileType = sourcecode.swift; path = UICollectionView.swift; sourceTree = "<group>"; };
		0E4B6A3A2C10F43200058097 /* WeatherProvider.swift */ = {isa = PBXFileReference; lastKnownFileType = sourcecode.swift; path = WeatherProvider.swift; sourceTree = "<group>"; };
		0E510DBF2BF49018007EB1A8 /* DetailedWeatherViewController.swift */ = {isa = PBXFileReference; lastKnownFileType = sourcecode.swift; path = DetailedWeatherViewController.swift; sourceTree = "<group>"; };
		0E510DC22BF72D89007EB1A8 /* ImageExtension.swift */ = {isa = PBXFileReference; lastKnownFileType = sourcecode.swift; path = ImageExtension.swift; sourceTree = "<group>"; };
		0E7649ED2BE7651E0052E3F2 /* DayTempCell.swift */ = {isa = PBXFileReference; lastKnownFileType = sourcecode.swift; path = DayTempCell.swift; sourceTree = "<group>"; };
		0E7649EF2BE765320052E3F2 /* TempRangeCell.swift */ = {isa = PBXFileReference; lastKnownFileType = sourcecode.swift; path = TempRangeCell.swift; sourceTree = "<group>"; };
		0E7649F12BE765440052E3F2 /* CurrentWeatherView.swift */ = {isa = PBXFileReference; lastKnownFileType = sourcecode.swift; path = CurrentWeatherView.swift; sourceTree = "<group>"; };
		0E7649F92BEACA500052E3F2 /* BottomView.swift */ = {isa = PBXFileReference; lastKnownFileType = sourcecode.swift; path = BottomView.swift; sourceTree = "<group>"; };
		0E816D3D2BEB2562007CC983 /* CitySelectionViewController.swift */ = {isa = PBXFileReference; lastKnownFileType = sourcecode.swift; path = CitySelectionViewController.swift; sourceTree = "<group>"; };
		0E816D3F2BEB3806007CC983 /* CityWeatherCell.swift */ = {isa = PBXFileReference; lastKnownFileType = sourcecode.swift; path = CityWeatherCell.swift; sourceTree = "<group>"; };
		0E887AF22C16783700AB7502 /* Config.plist */ = {isa = PBXFileReference; lastKnownFileType = text.plist.xml; path = Config.plist; sourceTree = "<group>"; };
		0E887AF42C167A5B00AB7502 /* APIEndpointProvider.swift */ = {isa = PBXFileReference; lastKnownFileType = sourcecode.swift; path = APIEndpointProvider.swift; sourceTree = "<group>"; };
		0E887AF82C168AD000AB7502 /* city_list.json */ = {isa = PBXFileReference; fileEncoding = 4; lastKnownFileType = text.json; path = city_list.json; sourceTree = "<group>"; };
		0E887AFA2C16935900AB7502 /* CityListProvider.swift */ = {isa = PBXFileReference; lastKnownFileType = sourcecode.swift; path = CityListProvider.swift; sourceTree = "<group>"; };
		0E887AFD2C169A1100AB7502 /* CitySearchViewModel.swift */ = {isa = PBXFileReference; lastKnownFileType = sourcecode.swift; path = CitySearchViewModel.swift; sourceTree = "<group>"; };
		0E887B002C16AC5900AB7502 /* CurrentWeatherResponse.swift */ = {isa = PBXFileReference; lastKnownFileType = sourcecode.swift; path = CurrentWeatherResponse.swift; sourceTree = "<group>"; };
		0E887B022C16AC7500AB7502 /* ForecastResponse.swift */ = {isa = PBXFileReference; lastKnownFileType = sourcecode.swift; path = ForecastResponse.swift; sourceTree = "<group>"; };
		0E887B042C16AC7D00AB7502 /* CityData.swift */ = {isa = PBXFileReference; lastKnownFileType = sourcecode.swift; path = CityData.swift; sourceTree = "<group>"; };
		0E887B062C1BC59400AB7502 /* DoubleExtension.swift */ = {isa = PBXFileReference; lastKnownFileType = sourcecode.swift; path = DoubleExtension.swift; sourceTree = "<group>"; };
		0E887B082C1BF89100AB7502 /* WeatherData.swift */ = {isa = PBXFileReference; lastKnownFileType = sourcecode.swift; path = WeatherData.swift; sourceTree = "<group>"; };
		0E887B122C1D000400AB7502 /* APIDataProvider.swift */ = {isa = PBXFileReference; lastKnownFileType = sourcecode.swift; path = APIDataProvider.swift; sourceTree = "<group>"; };
		0E887B142C1D352900AB7502 /* APIError.swift */ = {isa = PBXFileReference; lastKnownFileType = sourcecode.swift; path = APIError.swift; sourceTree = "<group>"; };
		0E887B192C1D49D300AB7502 /* BaseViewController.swift */ = {isa = PBXFileReference; lastKnownFileType = sourcecode.swift; path = BaseViewController.swift; sourceTree = "<group>"; };
		0E887B1B2C21205200AB7502 /* StorageManager.swift */ = {isa = PBXFileReference; lastKnownFileType = sourcecode.swift; path = StorageManager.swift; sourceTree = "<group>"; };
		0E887B1D2C2561D500AB7502 /* GroupResponse.swift */ = {isa = PBXFileReference; lastKnownFileType = sourcecode.swift; path = GroupResponse.swift; sourceTree = "<group>"; };
		0E887B202C2A268600AB7502 /* CoreData.xcdatamodel */ = {isa = PBXFileReference; lastKnownFileType = wrapper.xcdatamodel; path = CoreData.xcdatamodel; sourceTree = "<group>"; };
		0E887B282C2A48F900AB7502 /* CDStorageManager.swift */ = {isa = PBXFileReference; lastKnownFileType = sourcecode.swift; path = CDStorageManager.swift; sourceTree = "<group>"; };
		0E887B2A2C2A512A00AB7502 /* CityCoreData.swift */ = {isa = PBXFileReference; lastKnownFileType = sourcecode.swift; path = CityCoreData.swift; sourceTree = "<group>"; };
		0E887B352C2D027C00AB7502 /* LocationProvider.swift */ = {isa = PBXFileReference; lastKnownFileType = sourcecode.swift; path = LocationProvider.swift; sourceTree = "<group>"; };
		0ED012AB2BE76180005D48D7 /* WeatherApp_ArseniiKornienko.app */ = {isa = PBXFileReference; explicitFileType = wrapper.application; includeInIndex = 0; path = WeatherApp_ArseniiKornienko.app; sourceTree = BUILT_PRODUCTS_DIR; };
		0ED012AE2BE76180005D48D7 /* AppDelegate.swift */ = {isa = PBXFileReference; lastKnownFileType = sourcecode.swift; path = AppDelegate.swift; sourceTree = "<group>"; };
		0ED012B02BE76180005D48D7 /* SceneDelegate.swift */ = {isa = PBXFileReference; lastKnownFileType = sourcecode.swift; path = SceneDelegate.swift; sourceTree = "<group>"; };
		0ED012B22BE76180005D48D7 /* WeatherViewController.swift */ = {isa = PBXFileReference; lastKnownFileType = sourcecode.swift; path = WeatherViewController.swift; sourceTree = "<group>"; };
		0ED012B72BE76181005D48D7 /* Assets.xcassets */ = {isa = PBXFileReference; lastKnownFileType = folder.assetcatalog; path = Assets.xcassets; sourceTree = "<group>"; };
		0ED012BA2BE76181005D48D7 /* Base */ = {isa = PBXFileReference; lastKnownFileType = file.storyboard; name = Base; path = Base.lproj/LaunchScreen.storyboard; sourceTree = "<group>"; };
		0ED012BC2BE76181005D48D7 /* Info.plist */ = {isa = PBXFileReference; lastKnownFileType = text.plist.xml; path = Info.plist; sourceTree = "<group>"; };
		0ED012C12BE76181005D48D7 /* WeatherApp_ArseniiKornienkoTests.xctest */ = {isa = PBXFileReference; explicitFileType = wrapper.cfbundle; includeInIndex = 0; path = WeatherApp_ArseniiKornienkoTests.xctest; sourceTree = BUILT_PRODUCTS_DIR; };
		0ED012CB2BE76181005D48D7 /* WeatherApp_ArseniiKornienkoUITests.xctest */ = {isa = PBXFileReference; explicitFileType = wrapper.cfbundle; includeInIndex = 0; path = WeatherApp_ArseniiKornienkoUITests.xctest; sourceTree = BUILT_PRODUCTS_DIR; };
		0EF824842BEF4FA70033BF6C /* WebViewController.swift */ = {isa = PBXFileReference; lastKnownFileType = sourcecode.swift; path = WebViewController.swift; sourceTree = "<group>"; };
		1D63EC1E798885B71B93FC98 /* libPods-WeatherApp_ArseniiKornienko.a */ = {isa = PBXFileReference; explicitFileType = archive.ar; includeInIndex = 0; path = "libPods-WeatherApp_ArseniiKornienko.a"; sourceTree = BUILT_PRODUCTS_DIR; };
		6594C6C4CD40C1CE610B416A /* Pods-WeatherApp_ArseniiKornienko.release.xcconfig */ = {isa = PBXFileReference; includeInIndex = 1; lastKnownFileType = text.xcconfig; name = "Pods-WeatherApp_ArseniiKornienko.release.xcconfig"; path = "Target Support Files/Pods-WeatherApp_ArseniiKornienko/Pods-WeatherApp_ArseniiKornienko.release.xcconfig"; sourceTree = "<group>"; };
		7F736783E8D6A5215176A6D1 /* Pods-WeatherApp_ArseniiKornienko.debug.xcconfig */ = {isa = PBXFileReference; includeInIndex = 1; lastKnownFileType = text.xcconfig; name = "Pods-WeatherApp_ArseniiKornienko.debug.xcconfig"; path = "Target Support Files/Pods-WeatherApp_ArseniiKornienko/Pods-WeatherApp_ArseniiKornienko.debug.xcconfig"; sourceTree = "<group>"; };
/* End PBXFileReference section */

/* Begin PBXFrameworksBuildPhase section */
		0ED012A82BE76180005D48D7 /* Frameworks */ = {
			isa = PBXFrameworksBuildPhase;
			buildActionMask = 2147483647;
			files = (
				C9B37056B823BA0D632C4B5A /* libPods-WeatherApp_ArseniiKornienko.a in Frameworks */,
			);
			runOnlyForDeploymentPostprocessing = 0;
		};
		0ED012BE2BE76181005D48D7 /* Frameworks */ = {
			isa = PBXFrameworksBuildPhase;
			buildActionMask = 2147483647;
			files = (
			);
			runOnlyForDeploymentPostprocessing = 0;
		};
		0ED012C82BE76181005D48D7 /* Frameworks */ = {
			isa = PBXFrameworksBuildPhase;
			buildActionMask = 2147483647;
			files = (
			);
			runOnlyForDeploymentPostprocessing = 0;
		};
/* End PBXFrameworksBuildPhase section */

/* Begin PBXGroup section */
		0E11F50C2BF86F6E00D82550 /* Extensions */ = {
			isa = PBXGroup;
			children = (
				0E510DC22BF72D89007EB1A8 /* ImageExtension.swift */,
				0E4B6A1D2C04377300058097 /* UIColorExtension.swift */,
				0E4B6A312C092F2600058097 /* UITableView.swift */,
				0E4B6A362C0EECC900058097 /* UICollectionView.swift */,
				0E887B062C1BC59400AB7502 /* DoubleExtension.swift */,
			);
			path = Extensions;
			sourceTree = "<group>";
		};
		0E11F50E2BF86F9500D82550 /* Controllers */ = {
			isa = PBXGroup;
			children = (
				0E4B6A272C0836E800058097 /* CitySelectionViewController */,
				0E4B6A242C08365700058097 /* WeatherViewController */,
				0E887AFC2C1699F400AB7502 /* CitySearchViewController */,
				0E4B6A212C05930800058097 /* SelectedCityViewController.swift */,
				0E510DBF2BF49018007EB1A8 /* DetailedWeatherViewController.swift */,
				0EF824842BEF4FA70033BF6C /* WebViewController.swift */,
			);
			path = Controllers;
			sourceTree = "<group>";
		};
		0E11F50F2BFAF37900D82550 /* Services */ = {
			isa = PBXGroup;
			children = (
				0E887B122C1D000400AB7502 /* APIDataProvider.swift */,
				0E11F5102BFAF39E00D82550 /* MOCKDataProvider.swift */,
				0E4B6A3A2C10F43200058097 /* WeatherProvider.swift */,
				0E887AF42C167A5B00AB7502 /* APIEndpointProvider.swift */,
				0E887AFA2C16935900AB7502 /* CityListProvider.swift */,
				0E887B1B2C21205200AB7502 /* StorageManager.swift */,
				0E887B282C2A48F900AB7502 /* CDStorageManager.swift */,
				0E887B352C2D027C00AB7502 /* LocationProvider.swift */,
			);
			path = Services;
			sourceTree = "<group>";
		};
		0E4B6A242C08365700058097 /* WeatherViewController */ = {
			isa = PBXGroup;
			children = (
				0ED012B22BE76180005D48D7 /* WeatherViewController.swift */,
				0E4B6A262C08368B00058097 /* Views */,
				0E4B6A252C08366600058097 /* Cells */,
				0E4B6A2F2C08544900058097 /* WeatherViewModel.swift */,
			);
			path = WeatherViewController;
			sourceTree = "<group>";
		};
		0E4B6A252C08366600058097 /* Cells */ = {
			isa = PBXGroup;
			children = (
				0E7649EF2BE765320052E3F2 /* TempRangeCell.swift */,
				0E7649ED2BE7651E0052E3F2 /* DayTempCell.swift */,
				0E4B6A292C08380700058097 /* TitleCell.swift */,
			);
			path = Cells;
			sourceTree = "<group>";
		};
		0E4B6A262C08368B00058097 /* Views */ = {
			isa = PBXGroup;
			children = (
				0E7649F92BEACA500052E3F2 /* BottomView.swift */,
				0E7649F12BE765440052E3F2 /* CurrentWeatherView.swift */,
			);
			path = Views;
			sourceTree = "<group>";
		};
		0E4B6A272C0836E800058097 /* CitySelectionViewController */ = {
			isa = PBXGroup;
			children = (
				0E816D3D2BEB2562007CC983 /* CitySelectionViewController.swift */,
				0E4B6A332C0EAF6600058097 /* CitySelectionViewModel.swift */,
				0E4B6A282C08376600058097 /* Views */,
				0E4B6A352C0EB07200058097 /* Cells */,
			);
			path = CitySelectionViewController;
			sourceTree = "<group>";
		};
		0E4B6A282C08376600058097 /* Views */ = {
			isa = PBXGroup;
			children = (
				0E11F5122BFEFFCD00D82550 /* UnitSelectionView.swift */,
			);
			path = Views;
			sourceTree = "<group>";
		};
		0E4B6A352C0EB07200058097 /* Cells */ = {
			isa = PBXGroup;
			children = (
				0E816D3F2BEB3806007CC983 /* CityWeatherCell.swift */,
			);
			path = Cells;
			sourceTree = "<group>";
		};
		0E887AFC2C1699F400AB7502 /* CitySearchViewController */ = {
			isa = PBXGroup;
			children = (
				0E4B6A1F2C04650F00058097 /* CitySearchViewController.swift */,
				0E887AFD2C169A1100AB7502 /* CitySearchViewModel.swift */,
			);
			path = CitySearchViewController;
			sourceTree = "<group>";
		};
		0E887AFF2C16AC4300AB7502 /* Models */ = {
			isa = PBXGroup;
			children = (
				0E887B002C16AC5900AB7502 /* CurrentWeatherResponse.swift */,
				0E887B1D2C2561D500AB7502 /* GroupResponse.swift */,
				0E887B022C16AC7500AB7502 /* ForecastResponse.swift */,
				0E887B042C16AC7D00AB7502 /* CityData.swift */,
				0E887B082C1BF89100AB7502 /* WeatherData.swift */,
				0E887B142C1D352900AB7502 /* APIError.swift */,
				0E887B2A2C2A512A00AB7502 /* CityCoreData.swift */,
			);
			path = Models;
			sourceTree = "<group>";
		};
		0E887B182C1D49AC00AB7502 /* BaseComponents */ = {
			isa = PBXGroup;
			children = (
				0E887B192C1D49D300AB7502 /* BaseViewController.swift */,
			);
			path = BaseComponents;
			sourceTree = "<group>";
		};
		0ED012A22BE76180005D48D7 = {
			isa = PBXGroup;
			children = (
				0ED012AD2BE76180005D48D7 /* WeatherApp_ArseniiKornienko */,
				0ED012AC2BE76180005D48D7 /* Products */,
				909E8EF054AB77E608AECB20 /* Pods */,
				1890293F285C93B2F7011A64 /* Frameworks */,
			);
			sourceTree = "<group>";
		};
		0ED012AC2BE76180005D48D7 /* Products */ = {
			isa = PBXGroup;
			children = (
				0ED012AB2BE76180005D48D7 /* WeatherApp_ArseniiKornienko.app */,
				0ED012C12BE76181005D48D7 /* WeatherApp_ArseniiKornienkoTests.xctest */,
				0ED012CB2BE76181005D48D7 /* WeatherApp_ArseniiKornienkoUITests.xctest */,
			);
			name = Products;
			sourceTree = "<group>";
		};
		0ED012AD2BE76180005D48D7 /* WeatherApp_ArseniiKornienko */ = {
			isa = PBXGroup;
			children = (
				0E887B182C1D49AC00AB7502 /* BaseComponents */,
				0ED012AE2BE76180005D48D7 /* AppDelegate.swift */,
				0ED012B02BE76180005D48D7 /* SceneDelegate.swift */,
				0E11F50E2BF86F9500D82550 /* Controllers */,
				0E11F50C2BF86F6E00D82550 /* Extensions */,
				0E11F50F2BFAF37900D82550 /* Services */,
				0E887AFF2C16AC4300AB7502 /* Models */,
				0ED012B72BE76181005D48D7 /* Assets.xcassets */,
				0ED012B92BE76181005D48D7 /* LaunchScreen.storyboard */,
				0ED012BC2BE76181005D48D7 /* Info.plist */,
				0E887AF22C16783700AB7502 /* Config.plist */,
				0E887AF82C168AD000AB7502 /* city_list.json */,
				0E887B1F2C2A268600AB7502 /* CoreData.xcdatamodeld */,
			);
			path = WeatherApp_ArseniiKornienko;
			sourceTree = "<group>";
		};
		1890293F285C93B2F7011A64 /* Frameworks */ = {
			isa = PBXGroup;
			children = (
				1D63EC1E798885B71B93FC98 /* libPods-WeatherApp_ArseniiKornienko.a */,
			);
			name = Frameworks;
			sourceTree = "<group>";
		};
		909E8EF054AB77E608AECB20 /* Pods */ = {
			isa = PBXGroup;
			children = (
				7F736783E8D6A5215176A6D1 /* Pods-WeatherApp_ArseniiKornienko.debug.xcconfig */,
				6594C6C4CD40C1CE610B416A /* Pods-WeatherApp_ArseniiKornienko.release.xcconfig */,
			);
			path = Pods;
			sourceTree = "<group>";
		};
/* End PBXGroup section */

/* Begin PBXNativeTarget section */
		0ED012AA2BE76180005D48D7 /* WeatherApp_ArseniiKornienko */ = {
			isa = PBXNativeTarget;
			buildConfigurationList = 0ED012D52BE76181005D48D7 /* Build configuration list for PBXNativeTarget "WeatherApp_ArseniiKornienko" */;
			buildPhases = (
				C382D389E938306EC5A5E657 /* [CP] Check Pods Manifest.lock */,
				0ED012A72BE76180005D48D7 /* Sources */,
				0ED012A82BE76180005D48D7 /* Frameworks */,
				0ED012A92BE76180005D48D7 /* Resources */,
			);
			buildRules = (
			);
			dependencies = (
			);
			name = WeatherApp_ArseniiKornienko;
			packageProductDependencies = (
			);
			productName = WeatherApp_ArseniiKornienko;
			productReference = 0ED012AB2BE76180005D48D7 /* WeatherApp_ArseniiKornienko.app */;
			productType = "com.apple.product-type.application";
		};
		0ED012C02BE76181005D48D7 /* WeatherApp_ArseniiKornienkoTests */ = {
			isa = PBXNativeTarget;
			buildConfigurationList = 0ED012D82BE76181005D48D7 /* Build configuration list for PBXNativeTarget "WeatherApp_ArseniiKornienkoTests" */;
			buildPhases = (
				0ED012BD2BE76181005D48D7 /* Sources */,
				0ED012BE2BE76181005D48D7 /* Frameworks */,
				0ED012BF2BE76181005D48D7 /* Resources */,
			);
			buildRules = (
			);
			dependencies = (
				0ED012C32BE76181005D48D7 /* PBXTargetDependency */,
			);
			name = WeatherApp_ArseniiKornienkoTests;
			productName = WeatherApp_ArseniiKornienkoTests;
			productReference = 0ED012C12BE76181005D48D7 /* WeatherApp_ArseniiKornienkoTests.xctest */;
			productType = "com.apple.product-type.bundle.unit-test";
		};
		0ED012CA2BE76181005D48D7 /* WeatherApp_ArseniiKornienkoUITests */ = {
			isa = PBXNativeTarget;
			buildConfigurationList = 0ED012DB2BE76181005D48D7 /* Build configuration list for PBXNativeTarget "WeatherApp_ArseniiKornienkoUITests" */;
			buildPhases = (
				0ED012C72BE76181005D48D7 /* Sources */,
				0ED012C82BE76181005D48D7 /* Frameworks */,
				0ED012C92BE76181005D48D7 /* Resources */,
			);
			buildRules = (
			);
			dependencies = (
				0ED012CD2BE76181005D48D7 /* PBXTargetDependency */,
			);
			name = WeatherApp_ArseniiKornienkoUITests;
			productName = WeatherApp_ArseniiKornienkoUITests;
			productReference = 0ED012CB2BE76181005D48D7 /* WeatherApp_ArseniiKornienkoUITests.xctest */;
			productType = "com.apple.product-type.bundle.ui-testing";
		};
/* End PBXNativeTarget section */

/* Begin PBXProject section */
		0ED012A32BE76180005D48D7 /* Project object */ = {
			isa = PBXProject;
			attributes = {
				BuildIndependentTargetsInParallel = 1;
				LastSwiftUpdateCheck = 1530;
				LastUpgradeCheck = 1530;
				TargetAttributes = {
					0ED012AA2BE76180005D48D7 = {
						CreatedOnToolsVersion = 15.3;
					};
					0ED012C02BE76181005D48D7 = {
						CreatedOnToolsVersion = 15.3;
						TestTargetID = 0ED012AA2BE76180005D48D7;
					};
					0ED012CA2BE76181005D48D7 = {
						CreatedOnToolsVersion = 15.3;
						TestTargetID = 0ED012AA2BE76180005D48D7;
					};
				};
			};
			buildConfigurationList = 0ED012A62BE76180005D48D7 /* Build configuration list for PBXProject "WeatherApp_ArseniiKornienko" */;
			compatibilityVersion = "Xcode 14.0";
			developmentRegion = en;
			hasScannedForEncodings = 0;
			knownRegions = (
				en,
				Base,
			);
			mainGroup = 0ED012A22BE76180005D48D7;
			packageReferences = (
			);
			productRefGroup = 0ED012AC2BE76180005D48D7 /* Products */;
			projectDirPath = "";
			projectRoot = "";
			targets = (
				0ED012AA2BE76180005D48D7 /* WeatherApp_ArseniiKornienko */,
				0ED012C02BE76181005D48D7 /* WeatherApp_ArseniiKornienkoTests */,
				0ED012CA2BE76181005D48D7 /* WeatherApp_ArseniiKornienkoUITests */,
			);
		};
/* End PBXProject section */

/* Begin PBXResourcesBuildPhase section */
		0ED012A92BE76180005D48D7 /* Resources */ = {
			isa = PBXResourcesBuildPhase;
			buildActionMask = 2147483647;
			files = (
				0ED012B82BE76181005D48D7 /* Assets.xcassets in Resources */,
				0E887AF32C16783700AB7502 /* Config.plist in Resources */,
				0E887AF92C168AD000AB7502 /* city_list.json in Resources */,
				0ED012BB2BE76181005D48D7 /* Base in Resources */,
			);
			runOnlyForDeploymentPostprocessing = 0;
		};
		0ED012BF2BE76181005D48D7 /* Resources */ = {
			isa = PBXResourcesBuildPhase;
			buildActionMask = 2147483647;
			files = (
			);
			runOnlyForDeploymentPostprocessing = 0;
		};
		0ED012C92BE76181005D48D7 /* Resources */ = {
			isa = PBXResourcesBuildPhase;
			buildActionMask = 2147483647;
			files = (
			);
			runOnlyForDeploymentPostprocessing = 0;
		};
/* End PBXResourcesBuildPhase section */

/* Begin PBXShellScriptBuildPhase section */
		C382D389E938306EC5A5E657 /* [CP] Check Pods Manifest.lock */ = {
			isa = PBXShellScriptBuildPhase;
			buildActionMask = 2147483647;
			files = (
			);
			inputFileListPaths = (
			);
			inputPaths = (
				"${PODS_PODFILE_DIR_PATH}/Podfile.lock",
				"${PODS_ROOT}/Manifest.lock",
			);
			name = "[CP] Check Pods Manifest.lock";
			outputFileListPaths = (
			);
			outputPaths = (
				"$(DERIVED_FILE_DIR)/Pods-WeatherApp_ArseniiKornienko-checkManifestLockResult.txt",
			);
			runOnlyForDeploymentPostprocessing = 0;
			shellPath = /bin/sh;
			shellScript = "diff \"${PODS_PODFILE_DIR_PATH}/Podfile.lock\" \"${PODS_ROOT}/Manifest.lock\" > /dev/null\nif [ $? != 0 ] ; then\n    # print error to STDERR\n    echo \"error: The sandbox is not in sync with the Podfile.lock. Run 'pod install' or update your CocoaPods installation.\" >&2\n    exit 1\nfi\n# This output is used by Xcode 'outputs' to avoid re-running this script phase.\necho \"SUCCESS\" > \"${SCRIPT_OUTPUT_FILE_0}\"\n";
			showEnvVarsInLog = 0;
		};
/* End PBXShellScriptBuildPhase section */

/* Begin PBXSourcesBuildPhase section */
		0ED012A72BE76180005D48D7 /* Sources */ = {
			isa = PBXSourcesBuildPhase;
			buildActionMask = 2147483647;
			files = (
				0E887B072C1BC59400AB7502 /* DoubleExtension.swift in Sources */,
				0E4B6A342C0EAF6600058097 /* CitySelectionViewModel.swift in Sources */,
				0E510DC32BF72D89007EB1A8 /* ImageExtension.swift in Sources */,
				0E4B6A222C05930800058097 /* SelectedCityViewController.swift in Sources */,
				0E887AFE2C169A1100AB7502 /* CitySearchViewModel.swift in Sources */,
				0E887B1A2C1D49D300AB7502 /* BaseViewController.swift in Sources */,
				0E887B092C1BF89100AB7502 /* WeatherData.swift in Sources */,
				0ED012B32BE76180005D48D7 /* WeatherViewController.swift in Sources */,
				0E4B6A1E2C04377300058097 /* UIColorExtension.swift in Sources */,
				0E887B152C1D352900AB7502 /* APIError.swift in Sources */,
				0ED012AF2BE76180005D48D7 /* AppDelegate.swift in Sources */,
				0E4B6A2A2C08380700058097 /* TitleCell.swift in Sources */,
				0E7649F02BE765320052E3F2 /* TempRangeCell.swift in Sources */,
				0E887B052C16AC7D00AB7502 /* CityData.swift in Sources */,
				0EF824852BEF4FA70033BF6C /* WebViewController.swift in Sources */,
				0E7649F22BE765440052E3F2 /* CurrentWeatherView.swift in Sources */,
				0E887AF52C167A5B00AB7502 /* APIEndpointProvider.swift in Sources */,
				0E887B1C2C21205200AB7502 /* StorageManager.swift in Sources */,
				0E816D3E2BEB2562007CC983 /* CitySelectionViewController.swift in Sources */,
				0E7649FA2BEACA500052E3F2 /* BottomView.swift in Sources */,
				0E4B6A202C04650F00058097 /* CitySearchViewController.swift in Sources */,
				0E887B2B2C2A512A00AB7502 /* CityCoreData.swift in Sources */,
				0E887B132C1D000400AB7502 /* APIDataProvider.swift in Sources */,
				0E11F5112BFAF39E00D82550 /* MOCKDataProvider.swift in Sources */,
				0E816D402BEB3806007CC983 /* CityWeatherCell.swift in Sources */,
				0E4B6A3B2C10F43200058097 /* WeatherProvider.swift in Sources */,
				0E510DC02BF49018007EB1A8 /* DetailedWeatherViewController.swift in Sources */,
				0E887B212C2A268600AB7502 /* CoreData.xcdatamodeld in Sources */,
				0E887B032C16AC7500AB7502 /* ForecastResponse.swift in Sources */,
				0E887B362C2D027C00AB7502 /* LocationProvider.swift in Sources */,
				0E4B6A302C08544900058097 /* WeatherViewModel.swift in Sources */,
				0E11F5132BFEFFCD00D82550 /* UnitSelectionView.swift in Sources */,
				0E887AFB2C16935900AB7502 /* CityListProvider.swift in Sources */,
				0E887B1E2C2561D500AB7502 /* GroupResponse.swift in Sources */,
				0E887B012C16AC5900AB7502 /* CurrentWeatherResponse.swift in Sources */,
				0E4B6A322C092F2600058097 /* UITableView.swift in Sources */,
				0ED012B12BE76180005D48D7 /* SceneDelegate.swift in Sources */,
				0E4B6A372C0EECC900058097 /* UICollectionView.swift in Sources */,
				0E887B292C2A48F900AB7502 /* CDStorageManager.swift in Sources */,
				0E7649EE2BE7651E0052E3F2 /* DayTempCell.swift in Sources */,
			);
			runOnlyForDeploymentPostprocessing = 0;
		};
		0ED012BD2BE76181005D48D7 /* Sources */ = {
			isa = PBXSourcesBuildPhase;
			buildActionMask = 2147483647;
			files = (
			);
			runOnlyForDeploymentPostprocessing = 0;
		};
		0ED012C72BE76181005D48D7 /* Sources */ = {
			isa = PBXSourcesBuildPhase;
			buildActionMask = 2147483647;
			files = (
			);
			runOnlyForDeploymentPostprocessing = 0;
		};
/* End PBXSourcesBuildPhase section */

/* Begin PBXTargetDependency section */
		0ED012C32BE76181005D48D7 /* PBXTargetDependency */ = {
			isa = PBXTargetDependency;
			target = 0ED012AA2BE76180005D48D7 /* WeatherApp_ArseniiKornienko */;
			targetProxy = 0ED012C22BE76181005D48D7 /* PBXContainerItemProxy */;
		};
		0ED012CD2BE76181005D48D7 /* PBXTargetDependency */ = {
			isa = PBXTargetDependency;
			target = 0ED012AA2BE76180005D48D7 /* WeatherApp_ArseniiKornienko */;
			targetProxy = 0ED012CC2BE76181005D48D7 /* PBXContainerItemProxy */;
		};
/* End PBXTargetDependency section */

/* Begin PBXVariantGroup section */
		0ED012B92BE76181005D48D7 /* LaunchScreen.storyboard */ = {
			isa = PBXVariantGroup;
			children = (
				0ED012BA2BE76181005D48D7 /* Base */,
			);
			name = LaunchScreen.storyboard;
			sourceTree = "<group>";
		};
/* End PBXVariantGroup section */

/* Begin XCBuildConfiguration section */
		0ED012D32BE76181005D48D7 /* Debug */ = {
			isa = XCBuildConfiguration;
			buildSettings = {
				ALWAYS_SEARCH_USER_PATHS = NO;
				ASSETCATALOG_COMPILER_GENERATE_SWIFT_ASSET_SYMBOL_EXTENSIONS = YES;
				CLANG_ANALYZER_NONNULL = YES;
				CLANG_ANALYZER_NUMBER_OBJECT_CONVERSION = YES_AGGRESSIVE;
				CLANG_CXX_LANGUAGE_STANDARD = "gnu++20";
				CLANG_ENABLE_MODULES = YES;
				CLANG_ENABLE_OBJC_ARC = YES;
				CLANG_ENABLE_OBJC_WEAK = YES;
				CLANG_WARN_BLOCK_CAPTURE_AUTORELEASING = YES;
				CLANG_WARN_BOOL_CONVERSION = YES;
				CLANG_WARN_COMMA = YES;
				CLANG_WARN_CONSTANT_CONVERSION = YES;
				CLANG_WARN_DEPRECATED_OBJC_IMPLEMENTATIONS = YES;
				CLANG_WARN_DIRECT_OBJC_ISA_USAGE = YES_ERROR;
				CLANG_WARN_DOCUMENTATION_COMMENTS = YES;
				CLANG_WARN_EMPTY_BODY = YES;
				CLANG_WARN_ENUM_CONVERSION = YES;
				CLANG_WARN_INFINITE_RECURSION = YES;
				CLANG_WARN_INT_CONVERSION = YES;
				CLANG_WARN_NON_LITERAL_NULL_CONVERSION = YES;
				CLANG_WARN_OBJC_IMPLICIT_RETAIN_SELF = YES;
				CLANG_WARN_OBJC_LITERAL_CONVERSION = YES;
				CLANG_WARN_OBJC_ROOT_CLASS = YES_ERROR;
				CLANG_WARN_QUOTED_INCLUDE_IN_FRAMEWORK_HEADER = YES;
				CLANG_WARN_RANGE_LOOP_ANALYSIS = YES;
				CLANG_WARN_STRICT_PROTOTYPES = YES;
				CLANG_WARN_SUSPICIOUS_MOVE = YES;
				CLANG_WARN_UNGUARDED_AVAILABILITY = YES_AGGRESSIVE;
				CLANG_WARN_UNREACHABLE_CODE = YES;
				CLANG_WARN__DUPLICATE_METHOD_MATCH = YES;
				COPY_PHASE_STRIP = NO;
				DEBUG_INFORMATION_FORMAT = dwarf;
				ENABLE_STRICT_OBJC_MSGSEND = YES;
				ENABLE_TESTABILITY = YES;
				ENABLE_USER_SCRIPT_SANDBOXING = YES;
				GCC_C_LANGUAGE_STANDARD = gnu17;
				GCC_DYNAMIC_NO_PIC = NO;
				GCC_NO_COMMON_BLOCKS = YES;
				GCC_OPTIMIZATION_LEVEL = 0;
				GCC_PREPROCESSOR_DEFINITIONS = (
					"DEBUG=1",
					"$(inherited)",
				);
				GCC_WARN_64_TO_32_BIT_CONVERSION = YES;
				GCC_WARN_ABOUT_RETURN_TYPE = YES_ERROR;
				GCC_WARN_UNDECLARED_SELECTOR = YES;
				GCC_WARN_UNINITIALIZED_AUTOS = YES_AGGRESSIVE;
				GCC_WARN_UNUSED_FUNCTION = YES;
				GCC_WARN_UNUSED_VARIABLE = YES;
				IPHONEOS_DEPLOYMENT_TARGET = 17.4;
				LOCALIZATION_PREFERS_STRING_CATALOGS = YES;
				MTL_ENABLE_DEBUG_INFO = INCLUDE_SOURCE;
				MTL_FAST_MATH = YES;
				ONLY_ACTIVE_ARCH = YES;
				SDKROOT = iphoneos;
				SWIFT_ACTIVE_COMPILATION_CONDITIONS = "DEBUG $(inherited)";
				SWIFT_OPTIMIZATION_LEVEL = "-Onone";
			};
			name = Debug;
		};
		0ED012D42BE76181005D48D7 /* Release */ = {
			isa = XCBuildConfiguration;
			buildSettings = {
				ALWAYS_SEARCH_USER_PATHS = NO;
				ASSETCATALOG_COMPILER_GENERATE_SWIFT_ASSET_SYMBOL_EXTENSIONS = YES;
				CLANG_ANALYZER_NONNULL = YES;
				CLANG_ANALYZER_NUMBER_OBJECT_CONVERSION = YES_AGGRESSIVE;
				CLANG_CXX_LANGUAGE_STANDARD = "gnu++20";
				CLANG_ENABLE_MODULES = YES;
				CLANG_ENABLE_OBJC_ARC = YES;
				CLANG_ENABLE_OBJC_WEAK = YES;
				CLANG_WARN_BLOCK_CAPTURE_AUTORELEASING = YES;
				CLANG_WARN_BOOL_CONVERSION = YES;
				CLANG_WARN_COMMA = YES;
				CLANG_WARN_CONSTANT_CONVERSION = YES;
				CLANG_WARN_DEPRECATED_OBJC_IMPLEMENTATIONS = YES;
				CLANG_WARN_DIRECT_OBJC_ISA_USAGE = YES_ERROR;
				CLANG_WARN_DOCUMENTATION_COMMENTS = YES;
				CLANG_WARN_EMPTY_BODY = YES;
				CLANG_WARN_ENUM_CONVERSION = YES;
				CLANG_WARN_INFINITE_RECURSION = YES;
				CLANG_WARN_INT_CONVERSION = YES;
				CLANG_WARN_NON_LITERAL_NULL_CONVERSION = YES;
				CLANG_WARN_OBJC_IMPLICIT_RETAIN_SELF = YES;
				CLANG_WARN_OBJC_LITERAL_CONVERSION = YES;
				CLANG_WARN_OBJC_ROOT_CLASS = YES_ERROR;
				CLANG_WARN_QUOTED_INCLUDE_IN_FRAMEWORK_HEADER = YES;
				CLANG_WARN_RANGE_LOOP_ANALYSIS = YES;
				CLANG_WARN_STRICT_PROTOTYPES = YES;
				CLANG_WARN_SUSPICIOUS_MOVE = YES;
				CLANG_WARN_UNGUARDED_AVAILABILITY = YES_AGGRESSIVE;
				CLANG_WARN_UNREACHABLE_CODE = YES;
				CLANG_WARN__DUPLICATE_METHOD_MATCH = YES;
				COPY_PHASE_STRIP = NO;
				DEBUG_INFORMATION_FORMAT = "dwarf-with-dsym";
				ENABLE_NS_ASSERTIONS = NO;
				ENABLE_STRICT_OBJC_MSGSEND = YES;
				ENABLE_USER_SCRIPT_SANDBOXING = YES;
				GCC_C_LANGUAGE_STANDARD = gnu17;
				GCC_NO_COMMON_BLOCKS = YES;
				GCC_WARN_64_TO_32_BIT_CONVERSION = YES;
				GCC_WARN_ABOUT_RETURN_TYPE = YES_ERROR;
				GCC_WARN_UNDECLARED_SELECTOR = YES;
				GCC_WARN_UNINITIALIZED_AUTOS = YES_AGGRESSIVE;
				GCC_WARN_UNUSED_FUNCTION = YES;
				GCC_WARN_UNUSED_VARIABLE = YES;
				IPHONEOS_DEPLOYMENT_TARGET = 17.4;
				LOCALIZATION_PREFERS_STRING_CATALOGS = YES;
				MTL_ENABLE_DEBUG_INFO = NO;
				MTL_FAST_MATH = YES;
				SDKROOT = iphoneos;
				SWIFT_COMPILATION_MODE = wholemodule;
				VALIDATE_PRODUCT = YES;
			};
			name = Release;
		};
		0ED012D62BE76181005D48D7 /* Debug */ = {
			isa = XCBuildConfiguration;
			baseConfigurationReference = 7F736783E8D6A5215176A6D1 /* Pods-WeatherApp_ArseniiKornienko.debug.xcconfig */;
			buildSettings = {
				ASSETCATALOG_COMPILER_APPICON_NAME = AppIcon;
				ASSETCATALOG_COMPILER_GLOBAL_ACCENT_COLOR_NAME = AccentColor;
				CODE_SIGN_STYLE = Automatic;
				CURRENT_PROJECT_VERSION = 1;
				GENERATE_INFOPLIST_FILE = YES;
				INFOPLIST_FILE = WeatherApp_ArseniiKornienko/Info.plist;
				INFOPLIST_KEY_LSApplicationCategoryType = "";
				INFOPLIST_KEY_NSLocationAlwaysAndWhenInUseUsageDescription = "To get current weather";
				INFOPLIST_KEY_NSLocationAlwaysUsageDescription = "To get current weather";
				INFOPLIST_KEY_NSLocationUsageDescription = "To get current weather";
				INFOPLIST_KEY_NSLocationWhenInUseUsageDescription = "To get current weather";
				INFOPLIST_KEY_UIApplicationSupportsIndirectInputEvents = YES;
				INFOPLIST_KEY_UILaunchStoryboardName = LaunchScreen;
				INFOPLIST_KEY_UISupportedInterfaceOrientations_iPad = "UIInterfaceOrientationPortrait UIInterfaceOrientationPortraitUpsideDown UIInterfaceOrientationLandscapeLeft UIInterfaceOrientationLandscapeRight";
				INFOPLIST_KEY_UISupportedInterfaceOrientations_iPhone = "UIInterfaceOrientationPortrait UIInterfaceOrientationLandscapeLeft UIInterfaceOrientationLandscapeRight";
				IPHONEOS_DEPLOYMENT_TARGET = 17.4;
				LD_RUNPATH_SEARCH_PATHS = (
					"$(inherited)",
					"@executable_path/Frameworks",
				);
				MARKETING_VERSION = 1.0;
				PRODUCT_BUNDLE_IDENTIFIER = "ArseniiKornienko.WeatherApp-ArseniiKornienko";
				PRODUCT_NAME = "$(TARGET_NAME)";
				SWIFT_EMIT_LOC_STRINGS = YES;
				SWIFT_VERSION = 5.0;
				TARGETED_DEVICE_FAMILY = "1,2";
			};
			name = Debug;
		};
		0ED012D72BE76181005D48D7 /* Release */ = {
			isa = XCBuildConfiguration;
			baseConfigurationReference = 6594C6C4CD40C1CE610B416A /* Pods-WeatherApp_ArseniiKornienko.release.xcconfig */;
			buildSettings = {
				ASSETCATALOG_COMPILER_APPICON_NAME = AppIcon;
				ASSETCATALOG_COMPILER_GLOBAL_ACCENT_COLOR_NAME = AccentColor;
				CODE_SIGN_STYLE = Automatic;
				CURRENT_PROJECT_VERSION = 1;
				GENERATE_INFOPLIST_FILE = YES;
				INFOPLIST_FILE = WeatherApp_ArseniiKornienko/Info.plist;
				INFOPLIST_KEY_LSApplicationCategoryType = "";
				INFOPLIST_KEY_NSLocationAlwaysAndWhenInUseUsageDescription = "To get current weather";
				INFOPLIST_KEY_NSLocationAlwaysUsageDescription = "To get current weather";
				INFOPLIST_KEY_NSLocationUsageDescription = "To get current weather";
				INFOPLIST_KEY_NSLocationWhenInUseUsageDescription = "To get current weather";
				INFOPLIST_KEY_UIApplicationSupportsIndirectInputEvents = YES;
				INFOPLIST_KEY_UILaunchStoryboardName = LaunchScreen;
				INFOPLIST_KEY_UISupportedInterfaceOrientations_iPad = "UIInterfaceOrientationPortrait UIInterfaceOrientationPortraitUpsideDown UIInterfaceOrientationLandscapeLeft UIInterfaceOrientationLandscapeRight";
				INFOPLIST_KEY_UISupportedInterfaceOrientations_iPhone = "UIInterfaceOrientationPortrait UIInterfaceOrientationLandscapeLeft UIInterfaceOrientationLandscapeRight";
				IPHONEOS_DEPLOYMENT_TARGET = 17.4;
				LD_RUNPATH_SEARCH_PATHS = (
					"$(inherited)",
					"@executable_path/Frameworks",
				);
				MARKETING_VERSION = 1.0;
				PRODUCT_BUNDLE_IDENTIFIER = "ArseniiKornienko.WeatherApp-ArseniiKornienko";
				PRODUCT_NAME = "$(TARGET_NAME)";
				SWIFT_EMIT_LOC_STRINGS = YES;
				SWIFT_VERSION = 5.0;
				TARGETED_DEVICE_FAMILY = "1,2";
			};
			name = Release;
		};
		0ED012D92BE76181005D48D7 /* Debug */ = {
			isa = XCBuildConfiguration;
			buildSettings = {
				ALWAYS_EMBED_SWIFT_STANDARD_LIBRARIES = YES;
				BUNDLE_LOADER = "$(TEST_HOST)";
				CODE_SIGN_STYLE = Automatic;
				CURRENT_PROJECT_VERSION = 1;
				GENERATE_INFOPLIST_FILE = YES;
				IPHONEOS_DEPLOYMENT_TARGET = 17.4;
				MARKETING_VERSION = 1.0;
				PRODUCT_BUNDLE_IDENTIFIER = "ArseniiKornienko.WeatherApp-ArseniiKornienkoTests";
				PRODUCT_NAME = "$(TARGET_NAME)";
				SWIFT_EMIT_LOC_STRINGS = NO;
				SWIFT_VERSION = 5.0;
				TARGETED_DEVICE_FAMILY = "1,2";
				TEST_HOST = "$(BUILT_PRODUCTS_DIR)/WeatherApp_ArseniiKornienko.app/$(BUNDLE_EXECUTABLE_FOLDER_PATH)/WeatherApp_ArseniiKornienko";
			};
			name = Debug;
		};
		0ED012DA2BE76181005D48D7 /* Release */ = {
			isa = XCBuildConfiguration;
			buildSettings = {
				ALWAYS_EMBED_SWIFT_STANDARD_LIBRARIES = YES;
				BUNDLE_LOADER = "$(TEST_HOST)";
				CODE_SIGN_STYLE = Automatic;
				CURRENT_PROJECT_VERSION = 1;
				GENERATE_INFOPLIST_FILE = YES;
				IPHONEOS_DEPLOYMENT_TARGET = 17.4;
				MARKETING_VERSION = 1.0;
				PRODUCT_BUNDLE_IDENTIFIER = "ArseniiKornienko.WeatherApp-ArseniiKornienkoTests";
				PRODUCT_NAME = "$(TARGET_NAME)";
				SWIFT_EMIT_LOC_STRINGS = NO;
				SWIFT_VERSION = 5.0;
				TARGETED_DEVICE_FAMILY = "1,2";
				TEST_HOST = "$(BUILT_PRODUCTS_DIR)/WeatherApp_ArseniiKornienko.app/$(BUNDLE_EXECUTABLE_FOLDER_PATH)/WeatherApp_ArseniiKornienko";
			};
			name = Release;
		};
		0ED012DC2BE76181005D48D7 /* Debug */ = {
			isa = XCBuildConfiguration;
			buildSettings = {
				ALWAYS_EMBED_SWIFT_STANDARD_LIBRARIES = YES;
				CODE_SIGN_STYLE = Automatic;
				CURRENT_PROJECT_VERSION = 1;
				GENERATE_INFOPLIST_FILE = YES;
				MARKETING_VERSION = 1.0;
				PRODUCT_BUNDLE_IDENTIFIER = "ArseniiKornienko.WeatherApp-ArseniiKornienkoUITests";
				PRODUCT_NAME = "$(TARGET_NAME)";
				SWIFT_EMIT_LOC_STRINGS = NO;
				SWIFT_VERSION = 5.0;
				TARGETED_DEVICE_FAMILY = "1,2";
				TEST_TARGET_NAME = WeatherApp_ArseniiKornienko;
			};
			name = Debug;
		};
		0ED012DD2BE76181005D48D7 /* Release */ = {
			isa = XCBuildConfiguration;
			buildSettings = {
				ALWAYS_EMBED_SWIFT_STANDARD_LIBRARIES = YES;
				CODE_SIGN_STYLE = Automatic;
				CURRENT_PROJECT_VERSION = 1;
				GENERATE_INFOPLIST_FILE = YES;
				MARKETING_VERSION = 1.0;
				PRODUCT_BUNDLE_IDENTIFIER = "ArseniiKornienko.WeatherApp-ArseniiKornienkoUITests";
				PRODUCT_NAME = "$(TARGET_NAME)";
				SWIFT_EMIT_LOC_STRINGS = NO;
				SWIFT_VERSION = 5.0;
				TARGETED_DEVICE_FAMILY = "1,2";
				TEST_TARGET_NAME = WeatherApp_ArseniiKornienko;
			};
			name = Release;
		};
/* End XCBuildConfiguration section */

/* Begin XCConfigurationList section */
		0ED012A62BE76180005D48D7 /* Build configuration list for PBXProject "WeatherApp_ArseniiKornienko" */ = {
			isa = XCConfigurationList;
			buildConfigurations = (
				0ED012D32BE76181005D48D7 /* Debug */,
				0ED012D42BE76181005D48D7 /* Release */,
			);
			defaultConfigurationIsVisible = 0;
			defaultConfigurationName = Release;
		};
		0ED012D52BE76181005D48D7 /* Build configuration list for PBXNativeTarget "WeatherApp_ArseniiKornienko" */ = {
			isa = XCConfigurationList;
			buildConfigurations = (
				0ED012D62BE76181005D48D7 /* Debug */,
				0ED012D72BE76181005D48D7 /* Release */,
			);
			defaultConfigurationIsVisible = 0;
			defaultConfigurationName = Release;
		};
		0ED012D82BE76181005D48D7 /* Build configuration list for PBXNativeTarget "WeatherApp_ArseniiKornienkoTests" */ = {
			isa = XCConfigurationList;
			buildConfigurations = (
				0ED012D92BE76181005D48D7 /* Debug */,
				0ED012DA2BE76181005D48D7 /* Release */,
			);
			defaultConfigurationIsVisible = 0;
			defaultConfigurationName = Release;
		};
		0ED012DB2BE76181005D48D7 /* Build configuration list for PBXNativeTarget "WeatherApp_ArseniiKornienkoUITests" */ = {
			isa = XCConfigurationList;
			buildConfigurations = (
				0ED012DC2BE76181005D48D7 /* Debug */,
				0ED012DD2BE76181005D48D7 /* Release */,
			);
			defaultConfigurationIsVisible = 0;
			defaultConfigurationName = Release;
		};
/* End XCConfigurationList section */

/* Begin XCVersionGroup section */
		0E887B1F2C2A268600AB7502 /* CoreData.xcdatamodeld */ = {
			isa = XCVersionGroup;
			children = (
				0E887B202C2A268600AB7502 /* CoreData.xcdatamodel */,
			);
			currentVersion = 0E887B202C2A268600AB7502 /* CoreData.xcdatamodel */;
			name = CoreData.xcdatamodeld;
			path = "/Users/arsenijkornienko/Documents/xCode projects/WeatherApp_ArseniiKornienko/WeatherApp_ArseniiKornienko/CoreData.xcdatamodeld";
			sourceTree = "<group>";
			versionGroupType = wrapper.xcdatamodel;
		};
/* End XCVersionGroup section */
	};
	rootObject = 0ED012A32BE76180005D48D7 /* Project object */;
}
